
Microsoft Visual Studio Solution File, Format Version 12.00
# Visual Studio 2013
VisualStudioVersion = 12.0.21005.1
MinimumVisualStudioVersion = 10.0.40219.1
Project("{FAE04EC0-301F-11D3-BF4B-00C04F79EFBC}") = "prueba 3", "prueba 3\prueba 3.csproj", "{7BEB4F39-6D7A-45BA-963E-F1911F34615B}"
EndProject
Global
	GlobalSection(SolutionConfigurationPlatforms) = preSolution
		Debug|Any CPU = Debug|Any CPU
		Release|Any CPU = Release|Any CPU
	EndGlobalSection
	GlobalSection(ProjectConfigurationPlatforms) = postSolution
		{7BEB4F39-6D7A-45BA-963E-F1911F34615B}.Debug|Any CPU.ActiveCfg = Debug|Any CPU
		{7BEB4F39-6D7A-45BA-963E-F1911F34615B}.Debug|Any CPU.Build.0 = Debug|Any CPU
		{7BEB4F39-6D7A-45BA-963E-F1911F34615B}.Release|Any CPU.ActiveCfg = Release|Any CPU
		{7BEB4F39-6D7A-45BA-963E-F1911F34615B}.Release|Any CPU.Build.0 = Release|Any CPU
	EndGlobalSection
	GlobalSection(SolutionProperties) = preSolution
		HideSolutionNode = FALSE
	EndGlobalSection
EndGlobal
